
Microsoft Visual Studio Solution File, Format Version 12.00
# Visual Studio Version 17
VisualStudioVersion = 17.4.33213.308
MinimumVisualStudioVersion = 10.0.40219.1
Project("{FAE04EC0-301F-11D3-BF4B-00C04F79EFBC}") = "VeterinarkaProject", "VeterinarkaProject\VeterinarkaProject.csproj", "{267A9D98-CBE9-492C-84EC-A6BAF36DE70C}"
EndProject
Global
	GlobalSection(SolutionConfigurationPlatforms) = preSolution
		Debug|Any CPU = Debug|Any CPU
		Release|Any CPU = Release|Any CPU
	EndGlobalSection
	GlobalSection(ProjectConfigurationPlatforms) = postSolution
		{267A9D98-CBE9-492C-84EC-A6BAF36DE70C}.Debug|Any CPU.ActiveCfg = Debug|Any CPU
		{267A9D98-CBE9-492C-84EC-A6BAF36DE70C}.Debug|Any CPU.Build.0 = Debug|Any CPU
		{267A9D98-CBE9-492C-84EC-A6BAF36DE70C}.Release|Any CPU.ActiveCfg = Release|Any CPU
		{267A9D98-CBE9-492C-84EC-A6BAF36DE70C}.Release|Any CPU.Build.0 = Release|Any CPU
	EndGlobalSection
	GlobalSection(SolutionProperties) = preSolution
		HideSolutionNode = FALSE
	EndGlobalSection
	GlobalSection(ExtensibilityGlobals) = postSolution
		SolutionGuid = {AD8F4639-D738-4ADD-BEBF-10FD63699DCF}
	EndGlobalSection
EndGlobal
